
Microsoft Visual Studio Solution File, Format Version 12.00
# Visual Studio Version 16
VisualStudioVersion = 16.0.30804.86
MinimumVisualStudioVersion = 10.0.40219.1
Project("{9A19103F-16F7-4668-BE54-9A1E7A4F7556}") = "TravelReview.Web", "TravelReview.Web\TravelReview.Web.csproj", "{DB3EC8BC-3551-4508-8D45-A9B5D97DD8F1}"
EndProject
Project("{9A19103F-16F7-4668-BE54-9A1E7A4F7556}") = "TravelReview.Models", "TravelReview.Models\TravelReview.Models.csproj", "{98FBD7C1-7CED-411A-B44B-775FCB44296D}"
EndProject
Project("{9A19103F-16F7-4668-BE54-9A1E7A4F7556}") = "TravelReview.Repository", "TravelReview.Repository\TravelReview.Repository.csproj", "{7D9497F2-30E9-41B4-9D3F-906337A1A2C9}"
EndProject
Project("{FAE04EC0-301F-11D3-BF4B-00C04F79EFBC}") = "TravelReview.Identity", "TravelReview.Identity\TravelReview.Identity.csproj", "{2F3F6C8B-4784-41E6-A395-2F686ABB4B32}"
EndProject
Global
	GlobalSection(SolutionConfigurationPlatforms) = preSolution
		Debug|Any CPU = Debug|Any CPU
		Release|Any CPU = Release|Any CPU
	EndGlobalSection
	GlobalSection(ProjectConfigurationPlatforms) = postSolution
		{DB3EC8BC-3551-4508-8D45-A9B5D97DD8F1}.Debug|Any CPU.ActiveCfg = Debug|Any CPU
		{DB3EC8BC-3551-4508-8D45-A9B5D97DD8F1}.Debug|Any CPU.Build.0 = Debug|Any CPU
		{DB3EC8BC-3551-4508-8D45-A9B5D97DD8F1}.Release|Any CPU.ActiveCfg = Release|Any CPU
		{DB3EC8BC-3551-4508-8D45-A9B5D97DD8F1}.Release|Any CPU.Build.0 = Release|Any CPU
		{98FBD7C1-7CED-411A-B44B-775FCB44296D}.Debug|Any CPU.ActiveCfg = Debug|Any CPU
		{98FBD7C1-7CED-411A-B44B-775FCB44296D}.Debug|Any CPU.Build.0 = Debug|Any CPU
		{98FBD7C1-7CED-411A-B44B-775FCB44296D}.Release|Any CPU.ActiveCfg = Release|Any CPU
		{98FBD7C1-7CED-411A-B44B-775FCB44296D}.Release|Any CPU.Build.0 = Release|Any CPU
		{7D9497F2-30E9-41B4-9D3F-906337A1A2C9}.Debug|Any CPU.ActiveCfg = Debug|Any CPU
		{7D9497F2-30E9-41B4-9D3F-906337A1A2C9}.Debug|Any CPU.Build.0 = Debug|Any CPU
		{7D9497F2-30E9-41B4-9D3F-906337A1A2C9}.Release|Any CPU.ActiveCfg = Release|Any CPU
		{7D9497F2-30E9-41B4-9D3F-906337A1A2C9}.Release|Any CPU.Build.0 = Release|Any CPU
		{2F3F6C8B-4784-41E6-A395-2F686ABB4B32}.Debug|Any CPU.ActiveCfg = Debug|Any CPU
		{2F3F6C8B-4784-41E6-A395-2F686ABB4B32}.Debug|Any CPU.Build.0 = Debug|Any CPU
		{2F3F6C8B-4784-41E6-A395-2F686ABB4B32}.Release|Any CPU.ActiveCfg = Release|Any CPU
		{2F3F6C8B-4784-41E6-A395-2F686ABB4B32}.Release|Any CPU.Build.0 = Release|Any CPU
	EndGlobalSection
	GlobalSection(SolutionProperties) = preSolution
		HideSolutionNode = FALSE
	EndGlobalSection
	GlobalSection(ExtensibilityGlobals) = postSolution
		SolutionGuid = {D7AAB01B-3B27-465B-9F6F-5E14371D67D1}
	EndGlobalSection
EndGlobal
